PODS:
  - SQLite.swift (0.13.3):
    - SQLite.swift/standard (= 0.13.3)
  - SQLite.swift/standard (0.13.3)

DEPENDENCIES:
  - SQLite.swift (~> 0.13.3)

SPEC REPOS:
  trunk:
    - SQLite.swift

SPEC CHECKSUMS:
  SQLite.swift: 903bfa3bc9ab06345fdfbb578e34f47cfcf417da

PODFILE CHECKSUM: bf07a645ed404bf318f86c927099947614ddcd79

COCOAPODS: 1.11.3
